// !$*UTF8*$!
{
	archiveVersion = 1;
	classes = {
	};
	objectVersion = 50;
	objects = {

/* Begin PBXBuildFile section */
		180572042303C10D000565AF /* TestCC.cpp in Sources */ = {isa = PBXBuildFile; fileRef = 180572022303C10C000565AF /* TestCC.cpp */; };
		1805720A2303C1AB000565AF /* YSFile.mm in Sources */ = {isa = PBXBuildFile; fileRef = 180572082303C1AB000565AF /* YSFile.mm */; };
		1805720F2303E05C000565AF /* YSButton.swift in Sources */ = {isa = PBXBuildFile; fileRef = 1805720E2303E05C000565AF /* YSButton.swift */; };
		180572142303E15D000565AF /* YSButtonController.swift in Sources */ = {isa = PBXBuildFile; fileRef = 180572132303E15D000565AF /* YSButtonController.swift */; };
		1805721D23043BCE000565AF /* YSToast.swift in Sources */ = {isa = PBXBuildFile; fileRef = 1805721C23043BCE000565AF /* YSToast.swift */; };
		1805722223043D3D000565AF /* YSToastController.swift in Sources */ = {isa = PBXBuildFile; fileRef = 1805722123043D3D000565AF /* YSToastController.swift */; };
		1805722523051B87000565AF /* YSQRController.swift in Sources */ = {isa = PBXBuildFile; fileRef = 1805722423051B87000565AF /* YSQRController.swift */; };
		1805725023064A84000565AF /* YSQRImageBuffer.mm in Sources */ = {isa = PBXBuildFile; fileRef = 1805724F23064A84000565AF /* YSQRImageBuffer.mm */; };
		1805727123068E92000565AF /* YSVideoRtmp.swift in Sources */ = {isa = PBXBuildFile; fileRef = 1805727023068E92000565AF /* YSVideoRtmp.swift */; };
		1805727423069266000565AF /* YSSystemQR.swift in Sources */ = {isa = PBXBuildFile; fileRef = 1805727323069266000565AF /* YSSystemQR.swift */; };
		1807ADEA2306BC4900082C94 /* YSVideoRtmpController.swift in Sources */ = {isa = PBXBuildFile; fileRef = 1807ADE92306BC4900082C94 /* YSVideoRtmpController.swift */; };
		1807ADEF230E388D00082C94 /* YSVideoPlayerController.swift in Sources */ = {isa = PBXBuildFile; fileRef = 1807ADEE230E388D00082C94 /* YSVideoPlayerController.swift */; };
		1807ADF1230E441B00082C94 /* YSVideoPlayerTools.swift in Sources */ = {isa = PBXBuildFile; fileRef = 1807ADF0230E441B00082C94 /* YSVideoPlayerTools.swift */; };
		186A3A7222E1623D003EE67A /* AppDelegate.swift in Sources */ = {isa = PBXBuildFile; fileRef = 186A3A7122E1623D003EE67A /* AppDelegate.swift */; };
		186A3A7422E1623D003EE67A /* ViewController.swift in Sources */ = {isa = PBXBuildFile; fileRef = 186A3A7322E1623D003EE67A /* ViewController.swift */; };
		186A3A7722E1623D003EE67A /* Main.storyboard in Resources */ = {isa = PBXBuildFile; fileRef = 186A3A7522E1623D003EE67A /* Main.storyboard */; };
		186A3A7922E1623F003EE67A /* Assets.xcassets in Resources */ = {isa = PBXBuildFile; fileRef = 186A3A7822E1623F003EE67A /* Assets.xcassets */; };
		186A3A7C22E1623F003EE67A /* LaunchScreen.storyboard in Resources */ = {isa = PBXBuildFile; fileRef = 186A3A7A22E1623F003EE67A /* LaunchScreen.storyboard */; };
		186A3A8722E1623F003EE67A /* PhoenixiOSTests.swift in Sources */ = {isa = PBXBuildFile; fileRef = 186A3A8622E1623F003EE67A /* PhoenixiOSTests.swift */; };
		186A3A9222E1623F003EE67A /* PhoenixiOSUITests.swift in Sources */ = {isa = PBXBuildFile; fileRef = 186A3A9122E1623F003EE67A /* PhoenixiOSUITests.swift */; };
		186B32D72303B09100856A08 /* CModel.c in Sources */ = {isa = PBXBuildFile; fileRef = 186B32D42303B09100856A08 /* CModel.c */; };
		186B32D82303B09100856A08 /* CPPerson.cpp in Sources */ = {isa = PBXBuildFile; fileRef = 186B32D52303B09100856A08 /* CPPerson.cpp */; };
		186B32DA2303B21300856A08 /* README.MD in Resources */ = {isa = PBXBuildFile; fileRef = 186B32D92303B21300856A08 /* README.MD */; };
		18DD5A96230152F600FCB04F /* YSSwitch.swift in Sources */ = {isa = PBXBuildFile; fileRef = 18DD5A95230152F600FCB04F /* YSSwitch.swift */; };
		18DD5A992301556500FCB04F /* YSSwitchController.swift in Sources */ = {isa = PBXBuildFile; fileRef = 18DD5A982301556500FCB04F /* YSSwitchController.swift */; };
		18DD5A9D230156A200FCB04F /* YSMainCell.swift in Sources */ = {isa = PBXBuildFile; fileRef = 18DD5A9B230156A200FCB04F /* YSMainCell.swift */; };
		18DD5A9E230156A200FCB04F /* YSMainCell.xib in Resources */ = {isa = PBXBuildFile; fileRef = 18DD5A9C230156A200FCB04F /* YSMainCell.xib */; };
		18DD5AA023027D2A00FCB04F /* YSBaseController.swift in Sources */ = {isa = PBXBuildFile; fileRef = 18DD5A9F23027D2A00FCB04F /* YSBaseController.swift */; };
		18DD5AA323027E2300FCB04F /* YSRouter.swift in Sources */ = {isa = PBXBuildFile; fileRef = 18DD5AA223027E2300FCB04F /* YSRouter.swift */; };
		18DD5AA523027EF100FCB04F /* YSNavigationController.swift in Sources */ = {isa = PBXBuildFile; fileRef = 18DD5AA423027EF100FCB04F /* YSNavigationController.swift */; };
		18DD5AA723027F0E00FCB04F /* YSTabBarController.swift in Sources */ = {isa = PBXBuildFile; fileRef = 18DD5AA623027F0E00FCB04F /* YSTabBarController.swift */; };
		18DD5AAB230280B200FCB04F /* MineController.swift in Sources */ = {isa = PBXBuildFile; fileRef = 18DD5AAA230280B200FCB04F /* MineController.swift */; };
		18DD5AAD230282A700FCB04F /* YSColorManager.swift in Sources */ = {isa = PBXBuildFile; fileRef = 18DD5AAC230282A700FCB04F /* YSColorManager.swift */; };
		18DD5AAF230282BD00FCB04F /* YSImageManager.swift in Sources */ = {isa = PBXBuildFile; fileRef = 18DD5AAE230282BD00FCB04F /* YSImageManager.swift */; };
		CC6A31BCD248E26561A0DFB4 /* Pods_PhoenixiOS.framework in Frameworks */ = {isa = PBXBuildFile; fileRef = 534D0B7EBFB7C9F4525CF060 /* Pods_PhoenixiOS.framework */; };
/* End PBXBuildFile section */

/* Begin PBXContainerItemProxy section */
		186A3A8322E1623F003EE67A /* PBXContainerItemProxy */ = {
			isa = PBXContainerItemProxy;
			containerPortal = 186A3A6622E1623C003EE67A /* Project object */;
			proxyType = 1;
			remoteGlobalIDString = 186A3A6D22E1623D003EE67A;
			remoteInfo = PhoenixiOS;
		};
		186A3A8E22E1623F003EE67A /* PBXContainerItemProxy */ = {
			isa = PBXContainerItemProxy;
			containerPortal = 186A3A6622E1623C003EE67A /* Project object */;
			proxyType = 1;
			remoteGlobalIDString = 186A3A6D22E1623D003EE67A;
			remoteInfo = PhoenixiOS;
		};
/* End PBXContainerItemProxy section */

/* Begin PBXFileReference section */
		105C1903A7A9D935B3F799C3 /* Pods-PhoenixiOS.release.xcconfig */ = {isa = PBXFileReference; includeInIndex = 1; lastKnownFileType = text.xcconfig; name = "Pods-PhoenixiOS.release.xcconfig"; path = "Pods/Target Support Files/Pods-PhoenixiOS/Pods-PhoenixiOS.release.xcconfig"; sourceTree = "<group>"; };
		180572022303C10C000565AF /* TestCC.cpp */ = {isa = PBXFileReference; fileEncoding = 4; lastKnownFileType = sourcecode.cpp.cpp; path = TestCC.cpp; sourceTree = "<group>"; };
		180572032303C10C000565AF /* TestCC.hpp */ = {isa = PBXFileReference; fileEncoding = 4; lastKnownFileType = sourcecode.cpp.h; path = TestCC.hpp; sourceTree = "<group>"; };
		180572082303C1AB000565AF /* YSFile.mm */ = {isa = PBXFileReference; fileEncoding = 4; lastKnownFileType = sourcecode.cpp.objcpp; path = YSFile.mm; sourceTree = "<group>"; };
		180572092303C1AB000565AF /* YSFile.h */ = {isa = PBXFileReference; fileEncoding = 4; lastKnownFileType = sourcecode.c.h; path = YSFile.h; sourceTree = "<group>"; };
		1805720E2303E05C000565AF /* YSButton.swift */ = {isa = PBXFileReference; fileEncoding = 4; lastKnownFileType = sourcecode.swift; path = YSButton.swift; sourceTree = "<group>"; };
		180572132303E15D000565AF /* YSButtonController.swift */ = {isa = PBXFileReference; lastKnownFileType = sourcecode.swift; path = YSButtonController.swift; sourceTree = "<group>"; };
		1805721C23043BCE000565AF /* YSToast.swift */ = {isa = PBXFileReference; fileEncoding = 4; lastKnownFileType = sourcecode.swift; path = YSToast.swift; sourceTree = "<group>"; };
		1805722123043D3D000565AF /* YSToastController.swift */ = {isa = PBXFileReference; lastKnownFileType = sourcecode.swift; path = YSToastController.swift; sourceTree = "<group>"; };
		1805722423051B87000565AF /* YSQRController.swift */ = {isa = PBXFileReference; lastKnownFileType = sourcecode.swift; path = YSQRController.swift; sourceTree = "<group>"; };
		1805724E23064A84000565AF /* YSQRImageBuffer.h */ = {isa = PBXFileReference; lastKnownFileType = sourcecode.c.h; path = YSQRImageBuffer.h; sourceTree = "<group>"; };
		1805724F23064A84000565AF /* YSQRImageBuffer.mm */ = {isa = PBXFileReference; lastKnownFileType = sourcecode.cpp.objcpp; path = YSQRImageBuffer.mm; sourceTree = "<group>"; };
		1805727023068E92000565AF /* YSVideoRtmp.swift */ = {isa = PBXFileReference; lastKnownFileType = sourcecode.swift; path = YSVideoRtmp.swift; sourceTree = "<group>"; };
		1805727323069266000565AF /* YSSystemQR.swift */ = {isa = PBXFileReference; lastKnownFileType = sourcecode.swift; path = YSSystemQR.swift; sourceTree = "<group>"; };
		1807ADE92306BC4900082C94 /* YSVideoRtmpController.swift */ = {isa = PBXFileReference; lastKnownFileType = sourcecode.swift; path = YSVideoRtmpController.swift; sourceTree = "<group>"; };
		1807ADEE230E388D00082C94 /* YSVideoPlayerController.swift */ = {isa = PBXFileReference; lastKnownFileType = sourcecode.swift; path = YSVideoPlayerController.swift; sourceTree = "<group>"; };
		1807ADF0230E441B00082C94 /* YSVideoPlayerTools.swift */ = {isa = PBXFileReference; lastKnownFileType = sourcecode.swift; path = YSVideoPlayerTools.swift; sourceTree = "<group>"; };
		186A3A6E22E1623D003EE67A /* PhoenixiOS.app */ = {isa = PBXFileReference; explicitFileType = wrapper.application; includeInIndex = 0; path = PhoenixiOS.app; sourceTree = BUILT_PRODUCTS_DIR; };
		186A3A7122E1623D003EE67A /* AppDelegate.swift */ = {isa = PBXFileReference; lastKnownFileType = sourcecode.swift; path = AppDelegate.swift; sourceTree = "<group>"; };
		186A3A7322E1623D003EE67A /* ViewController.swift */ = {isa = PBXFileReference; lastKnownFileType = sourcecode.swift; path = ViewController.swift; sourceTree = "<group>"; };
		186A3A7622E1623D003EE67A /* Base */ = {isa = PBXFileReference; lastKnownFileType = file.storyboard; name = Base; path = Base.lproj/Main.storyboard; sourceTree = "<group>"; };
		186A3A7822E1623F003EE67A /* Assets.xcassets */ = {isa = PBXFileReference; lastKnownFileType = folder.assetcatalog; path = Assets.xcassets; sourceTree = "<group>"; };
		186A3A7B22E1623F003EE67A /* Base */ = {isa = PBXFileReference; lastKnownFileType = file.storyboard; name = Base; path = Base.lproj/LaunchScreen.storyboard; sourceTree = "<group>"; };
		186A3A7D22E1623F003EE67A /* Info.plist */ = {isa = PBXFileReference; lastKnownFileType = text.plist.xml; path = Info.plist; sourceTree = "<group>"; };
		186A3A8222E1623F003EE67A /* PhoenixiOSTests.xctest */ = {isa = PBXFileReference; explicitFileType = wrapper.cfbundle; includeInIndex = 0; path = PhoenixiOSTests.xctest; sourceTree = BUILT_PRODUCTS_DIR; };
		186A3A8622E1623F003EE67A /* PhoenixiOSTests.swift */ = {isa = PBXFileReference; lastKnownFileType = sourcecode.swift; path = PhoenixiOSTests.swift; sourceTree = "<group>"; };
		186A3A8822E1623F003EE67A /* Info.plist */ = {isa = PBXFileReference; lastKnownFileType = text.plist.xml; path = Info.plist; sourceTree = "<group>"; };
		186A3A8D22E1623F003EE67A /* PhoenixiOSUITests.xctest */ = {isa = PBXFileReference; explicitFileType = wrapper.cfbundle; includeInIndex = 0; path = PhoenixiOSUITests.xctest; sourceTree = BUILT_PRODUCTS_DIR; };
		186A3A9122E1623F003EE67A /* PhoenixiOSUITests.swift */ = {isa = PBXFileReference; lastKnownFileType = sourcecode.swift; path = PhoenixiOSUITests.swift; sourceTree = "<group>"; };
		186A3A9322E1623F003EE67A /* Info.plist */ = {isa = PBXFileReference; lastKnownFileType = text.plist.xml; path = Info.plist; sourceTree = "<group>"; };
		186B32C62303A78E00856A08 /* PhoenixiOS-Bridging-Header.h */ = {isa = PBXFileReference; lastKnownFileType = sourcecode.c.h; path = "PhoenixiOS-Bridging-Header.h"; sourceTree = "<group>"; };
		186B32D22303B09100856A08 /* CPPerson.hpp */ = {isa = PBXFileReference; fileEncoding = 4; lastKnownFileType = sourcecode.cpp.h; path = CPPerson.hpp; sourceTree = "<group>"; };
		186B32D32303B09100856A08 /* CModel.h */ = {isa = PBXFileReference; fileEncoding = 4; lastKnownFileType = sourcecode.c.h; path = CModel.h; sourceTree = "<group>"; };
		186B32D42303B09100856A08 /* CModel.c */ = {isa = PBXFileReference; fileEncoding = 4; lastKnownFileType = sourcecode.c.c; path = CModel.c; sourceTree = "<group>"; };
		186B32D52303B09100856A08 /* CPPerson.cpp */ = {isa = PBXFileReference; fileEncoding = 4; lastKnownFileType = sourcecode.cpp.cpp; path = CPPerson.cpp; sourceTree = "<group>"; };
		186B32D62303B09100856A08 /* CBridging.h */ = {isa = PBXFileReference; fileEncoding = 4; lastKnownFileType = sourcecode.c.h; path = CBridging.h; sourceTree = "<group>"; };
		186B32D92303B21300856A08 /* README.MD */ = {isa = PBXFileReference; lastKnownFileType = net.daringfireball.markdown; path = README.MD; sourceTree = "<group>"; };
		18DD5A95230152F600FCB04F /* YSSwitch.swift */ = {isa = PBXFileReference; fileEncoding = 4; lastKnownFileType = sourcecode.swift; path = YSSwitch.swift; sourceTree = "<group>"; };
		18DD5A982301556500FCB04F /* YSSwitchController.swift */ = {isa = PBXFileReference; lastKnownFileType = sourcecode.swift; path = YSSwitchController.swift; sourceTree = "<group>"; };
		18DD5A9B230156A200FCB04F /* YSMainCell.swift */ = {isa = PBXFileReference; lastKnownFileType = sourcecode.swift; path = YSMainCell.swift; sourceTree = "<group>"; };
		18DD5A9C230156A200FCB04F /* YSMainCell.xib */ = {isa = PBXFileReference; lastKnownFileType = file.xib; path = YSMainCell.xib; sourceTree = "<group>"; };
		18DD5A9F23027D2A00FCB04F /* YSBaseController.swift */ = {isa = PBXFileReference; lastKnownFileType = sourcecode.swift; path = YSBaseController.swift; sourceTree = "<group>"; };
		18DD5AA223027E2300FCB04F /* YSRouter.swift */ = {isa = PBXFileReference; lastKnownFileType = sourcecode.swift; path = YSRouter.swift; sourceTree = "<group>"; };
		18DD5AA423027EF100FCB04F /* YSNavigationController.swift */ = {isa = PBXFileReference; lastKnownFileType = sourcecode.swift; path = YSNavigationController.swift; sourceTree = "<group>"; };
		18DD5AA623027F0E00FCB04F /* YSTabBarController.swift */ = {isa = PBXFileReference; lastKnownFileType = sourcecode.swift; path = YSTabBarController.swift; sourceTree = "<group>"; };
		18DD5AAA230280B200FCB04F /* MineController.swift */ = {isa = PBXFileReference; lastKnownFileType = sourcecode.swift; path = MineController.swift; sourceTree = "<group>"; };
		18DD5AAC230282A700FCB04F /* YSColorManager.swift */ = {isa = PBXFileReference; lastKnownFileType = sourcecode.swift; path = YSColorManager.swift; sourceTree = "<group>"; };
		18DD5AAE230282BD00FCB04F /* YSImageManager.swift */ = {isa = PBXFileReference; lastKnownFileType = sourcecode.swift; path = YSImageManager.swift; sourceTree = "<group>"; };
		1A7B37056D8D56F7F736107E /* Pods-PhoenixiOS.debug.xcconfig */ = {isa = PBXFileReference; includeInIndex = 1; lastKnownFileType = text.xcconfig; name = "Pods-PhoenixiOS.debug.xcconfig"; path = "Pods/Target Support Files/Pods-PhoenixiOS/Pods-PhoenixiOS.debug.xcconfig"; sourceTree = "<group>"; };
		534D0B7EBFB7C9F4525CF060 /* Pods_PhoenixiOS.framework */ = {isa = PBXFileReference; explicitFileType = wrapper.framework; includeInIndex = 0; path = Pods_PhoenixiOS.framework; sourceTree = BUILT_PRODUCTS_DIR; };
/* End PBXFileReference section */

/* Begin PBXFrameworksBuildPhase section */
		186A3A6B22E1623D003EE67A /* Frameworks */ = {
			isa = PBXFrameworksBuildPhase;
			buildActionMask = 2147483647;
			files = (
				CC6A31BCD248E26561A0DFB4 /* Pods_PhoenixiOS.framework in Frameworks */,
			);
			runOnlyForDeploymentPostprocessing = 0;
		};
		186A3A7F22E1623F003EE67A /* Frameworks */ = {
			isa = PBXFrameworksBuildPhase;
			buildActionMask = 2147483647;
			files = (
			);
			runOnlyForDeploymentPostprocessing = 0;
		};
		186A3A8A22E1623F003EE67A /* Frameworks */ = {
			isa = PBXFrameworksBuildPhase;
			buildActionMask = 2147483647;
			files = (
			);
			runOnlyForDeploymentPostprocessing = 0;
		};
/* End PBXFrameworksBuildPhase section */

/* Begin PBXGroup section */
		1805720D2303E047000565AF /* YSButton */ = {
			isa = PBXGroup;
			children = (
				1805720E2303E05C000565AF /* YSButton.swift */,
				180572132303E15D000565AF /* YSButtonController.swift */,
			);
			path = YSButton;
			sourceTree = "<group>";
		};
		1805721B23043B7B000565AF /* YSToast */ = {
			isa = PBXGroup;
			children = (
				1805721C23043BCE000565AF /* YSToast.swift */,
				1805722123043D3D000565AF /* YSToastController.swift */,
			);
			path = YSToast;
			sourceTree = "<group>";
		};
		1805722323051B6B000565AF /* YSQR */ = {
			isa = PBXGroup;
			children = (
				1805722423051B87000565AF /* YSQRController.swift */,
				1805727323069266000565AF /* YSSystemQR.swift */,
				1805724E23064A84000565AF /* YSQRImageBuffer.h */,
				1805724F23064A84000565AF /* YSQRImageBuffer.mm */,
			);
			path = YSQR;
			sourceTree = "<group>";
		};
		18057272230690FE000565AF /* YSVideoRtmp */ = {
			isa = PBXGroup;
			children = (
				1805727023068E92000565AF /* YSVideoRtmp.swift */,
				1807ADE92306BC4900082C94 /* YSVideoRtmpController.swift */,
			);
			path = YSVideoRtmp;
			sourceTree = "<group>";
		};
		1807ADED230E386300082C94 /* YSVideoPlayer */ = {
			isa = PBXGroup;
			children = (
				1807ADEE230E388D00082C94 /* YSVideoPlayerController.swift */,
				1807ADF0230E441B00082C94 /* YSVideoPlayerTools.swift */,
			);
			path = YSVideoPlayer;
			sourceTree = "<group>";
		};
		186A3A6522E1623C003EE67A = {
			isa = PBXGroup;
			children = (
				186A3A7022E1623D003EE67A /* PhoenixiOS */,
				186A3A8522E1623F003EE67A /* PhoenixiOSTests */,
				186A3A9022E1623F003EE67A /* PhoenixiOSUITests */,
				186A3A6F22E1623D003EE67A /* Products */,
				CEB84FAE7139F3EABA0319D9 /* Pods */,
				32B6D5824663EAC35D6BCC8C /* Frameworks */,
			);
			sourceTree = "<group>";
		};
		186A3A6F22E1623D003EE67A /* Products */ = {
			isa = PBXGroup;
			children = (
				186A3A6E22E1623D003EE67A /* PhoenixiOS.app */,
				186A3A8222E1623F003EE67A /* PhoenixiOSTests.xctest */,
				186A3A8D22E1623F003EE67A /* PhoenixiOSUITests.xctest */,
			);
			name = Products;
			sourceTree = "<group>";
		};
		186A3A7022E1623D003EE67A /* PhoenixiOS */ = {
			isa = PBXGroup;
			children = (
				18DD5AA82302808700FCB04F /* views */,
				18DD5A9A2301567900FCB04F /* components */,
				18DD5A94230152DA00FCB04F /* Widgets */,
				186A3A7122E1623D003EE67A /* AppDelegate.swift */,
				186A3A7322E1623D003EE67A /* ViewController.swift */,
				186A3A7522E1623D003EE67A /* Main.storyboard */,
				186A3A7822E1623F003EE67A /* Assets.xcassets */,
				186A3A7A22E1623F003EE67A /* LaunchScreen.storyboard */,
				186A3A7D22E1623F003EE67A /* Info.plist */,
			);
			path = PhoenixiOS;
			sourceTree = "<group>";
		};
		186A3A8522E1623F003EE67A /* PhoenixiOSTests */ = {
			isa = PBXGroup;
			children = (
				186A3A8622E1623F003EE67A /* PhoenixiOSTests.swift */,
				186A3A8822E1623F003EE67A /* Info.plist */,
			);
			path = PhoenixiOSTests;
			sourceTree = "<group>";
		};
		186A3A9022E1623F003EE67A /* PhoenixiOSUITests */ = {
			isa = PBXGroup;
			children = (
				186A3A9122E1623F003EE67A /* PhoenixiOSUITests.swift */,
				186A3A9322E1623F003EE67A /* Info.plist */,
			);
			path = PhoenixiOSUITests;
			sourceTree = "<group>";
		};
		186B32C52303A73500856A08 /* Arithmetic */ = {
			isa = PBXGroup;
			children = (
				186B32D12303B08300856A08 /* 混编 */,
				186B32C62303A78E00856A08 /* PhoenixiOS-Bridging-Header.h */,
			);
			path = Arithmetic;
			sourceTree = "<group>";
		};
		186B32D12303B08300856A08 /* 混编 */ = {
			isa = PBXGroup;
			children = (
				180572092303C1AB000565AF /* YSFile.h */,
				180572082303C1AB000565AF /* YSFile.mm */,
				180572022303C10C000565AF /* TestCC.cpp */,
				180572032303C10C000565AF /* TestCC.hpp */,
				186B32D62303B09100856A08 /* CBridging.h */,
				186B32D92303B21300856A08 /* README.MD */,
				186B32D42303B09100856A08 /* CModel.c */,
				186B32D32303B09100856A08 /* CModel.h */,
				186B32D52303B09100856A08 /* CPPerson.cpp */,
				186B32D22303B09100856A08 /* CPPerson.hpp */,
			);
			path = "混编";
			sourceTree = "<group>";
		};
		18DD5A94230152DA00FCB04F /* Widgets */ = {
			isa = PBXGroup;
			children = (
				1807ADED230E386300082C94 /* YSVideoPlayer */,
				18057272230690FE000565AF /* YSVideoRtmp */,
				1805722323051B6B000565AF /* YSQR */,
				1805721B23043B7B000565AF /* YSToast */,
				1805720D2303E047000565AF /* YSButton */,
				186B32C52303A73500856A08 /* Arithmetic */,
				18DD5AA123027E0E00FCB04F /* Tools */,
				18DD5A972301530200FCB04F /* YSSwitch */,
				18DD5A9F23027D2A00FCB04F /* YSBaseController.swift */,
				18DD5AA423027EF100FCB04F /* YSNavigationController.swift */,
				18DD5AA623027F0E00FCB04F /* YSTabBarController.swift */,
			);
			path = Widgets;
			sourceTree = "<group>";
		};
		18DD5A972301530200FCB04F /* YSSwitch */ = {
			isa = PBXGroup;
			children = (
				18DD5A95230152F600FCB04F /* YSSwitch.swift */,
				18DD5A982301556500FCB04F /* YSSwitchController.swift */,
			);
			path = YSSwitch;
			sourceTree = "<group>";
		};
		18DD5A9A2301567900FCB04F /* components */ = {
			isa = PBXGroup;
			children = (
				18DD5A9B230156A200FCB04F /* YSMainCell.swift */,
				18DD5A9C230156A200FCB04F /* YSMainCell.xib */,
			);
			path = components;
			sourceTree = "<group>";
		};
		18DD5AA123027E0E00FCB04F /* Tools */ = {
			isa = PBXGroup;
			children = (
				18DD5AA223027E2300FCB04F /* YSRouter.swift */,
				18DD5AAE230282BD00FCB04F /* YSImageManager.swift */,
				18DD5AAC230282A700FCB04F /* YSColorManager.swift */,
			);
			path = Tools;
			sourceTree = "<group>";
		};
		18DD5AA82302808700FCB04F /* views */ = {
			isa = PBXGroup;
			children = (
				18DD5AA92302809900FCB04F /* MineController */,
			);
			path = views;
			sourceTree = "<group>";
		};
		18DD5AA92302809900FCB04F /* MineController */ = {
			isa = PBXGroup;
			children = (
				18DD5AAA230280B200FCB04F /* MineController.swift */,
			);
			path = MineController;
			sourceTree = "<group>";
		};
		32B6D5824663EAC35D6BCC8C /* Frameworks */ = {
			isa = PBXGroup;
			children = (
				534D0B7EBFB7C9F4525CF060 /* Pods_PhoenixiOS.framework */,
			);
			name = Frameworks;
			sourceTree = "<group>";
		};
		CEB84FAE7139F3EABA0319D9 /* Pods */ = {
			isa = PBXGroup;
			children = (
				1A7B37056D8D56F7F736107E /* Pods-PhoenixiOS.debug.xcconfig */,
				105C1903A7A9D935B3F799C3 /* Pods-PhoenixiOS.release.xcconfig */,
			);
			name = Pods;
			sourceTree = "<group>";
		};
/* End PBXGroup section */

/* Begin PBXNativeTarget section */
		186A3A6D22E1623D003EE67A /* PhoenixiOS */ = {
			isa = PBXNativeTarget;
			buildConfigurationList = 186A3A9622E1623F003EE67A /* Build configuration list for PBXNativeTarget "PhoenixiOS" */;
			buildPhases = (
				25E76E1F4E8F6A8CA1135302 /* [CP] Check Pods Manifest.lock */,
				186A3A6A22E1623D003EE67A /* Sources */,
				186A3A6B22E1623D003EE67A /* Frameworks */,
				186A3A6C22E1623D003EE67A /* Resources */,
				85AD55EABB858F62BCC1E244 /* [CP] Embed Pods Frameworks */,
			);
			buildRules = (
			);
			dependencies = (
			);
			name = PhoenixiOS;
			productName = PhoenixiOS;
			productReference = 186A3A6E22E1623D003EE67A /* PhoenixiOS.app */;
			productType = "com.apple.product-type.application";
		};
		186A3A8122E1623F003EE67A /* PhoenixiOSTests */ = {
			isa = PBXNativeTarget;
			buildConfigurationList = 186A3A9922E1623F003EE67A /* Build configuration list for PBXNativeTarget "PhoenixiOSTests" */;
			buildPhases = (
				186A3A7E22E1623F003EE67A /* Sources */,
				186A3A7F22E1623F003EE67A /* Frameworks */,
				186A3A8022E1623F003EE67A /* Resources */,
			);
			buildRules = (
			);
			dependencies = (
				186A3A8422E1623F003EE67A /* PBXTargetDependency */,
			);
			name = PhoenixiOSTests;
			productName = PhoenixiOSTests;
			productReference = 186A3A8222E1623F003EE67A /* PhoenixiOSTests.xctest */;
			productType = "com.apple.product-type.bundle.unit-test";
		};
		186A3A8C22E1623F003EE67A /* PhoenixiOSUITests */ = {
			isa = PBXNativeTarget;
			buildConfigurationList = 186A3A9C22E1623F003EE67A /* Build configuration list for PBXNativeTarget "PhoenixiOSUITests" */;
			buildPhases = (
				186A3A8922E1623F003EE67A /* Sources */,
				186A3A8A22E1623F003EE67A /* Frameworks */,
				186A3A8B22E1623F003EE67A /* Resources */,
			);
			buildRules = (
			);
			dependencies = (
				186A3A8F22E1623F003EE67A /* PBXTargetDependency */,
			);
			name = PhoenixiOSUITests;
			productName = PhoenixiOSUITests;
			productReference = 186A3A8D22E1623F003EE67A /* PhoenixiOSUITests.xctest */;
			productType = "com.apple.product-type.bundle.ui-testing";
		};
/* End PBXNativeTarget section */

/* Begin PBXProject section */
		186A3A6622E1623C003EE67A /* Project object */ = {
			isa = PBXProject;
			attributes = {
				LastSwiftUpdateCheck = 1020;
				LastUpgradeCheck = 1020;
				ORGANIZATIONNAME = apple;
				TargetAttributes = {
					186A3A6D22E1623D003EE67A = {
						CreatedOnToolsVersion = 10.2.1;
						LastSwiftMigration = 1030;
					};
					186A3A8122E1623F003EE67A = {
						CreatedOnToolsVersion = 10.2.1;
						TestTargetID = 186A3A6D22E1623D003EE67A;
					};
					186A3A8C22E1623F003EE67A = {
						CreatedOnToolsVersion = 10.2.1;
						TestTargetID = 186A3A6D22E1623D003EE67A;
					};
				};
			};
			buildConfigurationList = 186A3A6922E1623C003EE67A /* Build configuration list for PBXProject "PhoenixiOS" */;
			compatibilityVersion = "Xcode 9.3";
			developmentRegion = en;
			hasScannedForEncodings = 0;
			knownRegions = (
				en,
				Base,
			);
			mainGroup = 186A3A6522E1623C003EE67A;
			productRefGroup = 186A3A6F22E1623D003EE67A /* Products */;
			projectDirPath = "";
			projectRoot = "";
			targets = (
				186A3A6D22E1623D003EE67A /* PhoenixiOS */,
				186A3A8122E1623F003EE67A /* PhoenixiOSTests */,
				186A3A8C22E1623F003EE67A /* PhoenixiOSUITests */,
			);
		};
/* End PBXProject section */

/* Begin PBXResourcesBuildPhase section */
		186A3A6C22E1623D003EE67A /* Resources */ = {
			isa = PBXResourcesBuildPhase;
			buildActionMask = 2147483647;
			files = (
				18DD5A9E230156A200FCB04F /* YSMainCell.xib in Resources */,
				186A3A7C22E1623F003EE67A /* LaunchScreen.storyboard in Resources */,
				186A3A7922E1623F003EE67A /* Assets.xcassets in Resources */,
				186A3A7722E1623D003EE67A /* Main.storyboard in Resources */,
				186B32DA2303B21300856A08 /* README.MD in Resources */,
			);
			runOnlyForDeploymentPostprocessing = 0;
		};
		186A3A8022E1623F003EE67A /* Resources */ = {
			isa = PBXResourcesBuildPhase;
			buildActionMask = 2147483647;
			files = (
			);
			runOnlyForDeploymentPostprocessing = 0;
		};
		186A3A8B22E1623F003EE67A /* Resources */ = {
			isa = PBXResourcesBuildPhase;
			buildActionMask = 2147483647;
			files = (
			);
			runOnlyForDeploymentPostprocessing = 0;
		};
/* End PBXResourcesBuildPhase section */

/* Begin PBXShellScriptBuildPhase section */
		25E76E1F4E8F6A8CA1135302 /* [CP] Check Pods Manifest.lock */ = {
			isa = PBXShellScriptBuildPhase;
			buildActionMask = 2147483647;
			files = (
			);
			inputFileListPaths = (
			);
			inputPaths = (
				"${PODS_PODFILE_DIR_PATH}/Podfile.lock",
				"${PODS_ROOT}/Manifest.lock",
			);
			name = "[CP] Check Pods Manifest.lock";
			outputFileListPaths = (
			);
			outputPaths = (
				"$(DERIVED_FILE_DIR)/Pods-PhoenixiOS-checkManifestLockResult.txt",
			);
			runOnlyForDeploymentPostprocessing = 0;
			shellPath = /bin/sh;
			shellScript = "diff \"${PODS_PODFILE_DIR_PATH}/Podfile.lock\" \"${PODS_ROOT}/Manifest.lock\" > /dev/null\nif [ $? != 0 ] ; then\n    # print error to STDERR\n    echo \"error: The sandbox is not in sync with the Podfile.lock. Run 'pod install' or update your CocoaPods installation.\" >&2\n    exit 1\nfi\n# This output is used by Xcode 'outputs' to avoid re-running this script phase.\necho \"SUCCESS\" > \"${SCRIPT_OUTPUT_FILE_0}\"\n";
			showEnvVarsInLog = 0;
		};
		85AD55EABB858F62BCC1E244 /* [CP] Embed Pods Frameworks */ = {
			isa = PBXShellScriptBuildPhase;
			buildActionMask = 2147483647;
			files = (
			);
			inputFileListPaths = (
			);
			inputPaths = (
				"${SRCROOT}/Pods/Target Support Files/Pods-PhoenixiOS/Pods-PhoenixiOS-frameworks.sh",
				"${BUILT_PRODUCTS_DIR}/Alamofire/Alamofire.framework",
				"${BUILT_PRODUCTS_DIR}/Kingfisher/Kingfisher.framework",
				"${BUILT_PRODUCTS_DIR}/SnapKit/SnapKit.framework",
			);
			name = "[CP] Embed Pods Frameworks";
			outputFileListPaths = (
			);
			outputPaths = (
				"${TARGET_BUILD_DIR}/${FRAMEWORKS_FOLDER_PATH}/Alamofire.framework",
				"${TARGET_BUILD_DIR}/${FRAMEWORKS_FOLDER_PATH}/Kingfisher.framework",
				"${TARGET_BUILD_DIR}/${FRAMEWORKS_FOLDER_PATH}/SnapKit.framework",
			);
			runOnlyForDeploymentPostprocessing = 0;
			shellPath = /bin/sh;
			shellScript = "\"${SRCROOT}/Pods/Target Support Files/Pods-PhoenixiOS/Pods-PhoenixiOS-frameworks.sh\"\n";
			showEnvVarsInLog = 0;
		};
/* End PBXShellScriptBuildPhase section */

/* Begin PBXSourcesBuildPhase section */
		186A3A6A22E1623D003EE67A /* Sources */ = {
			isa = PBXSourcesBuildPhase;
			buildActionMask = 2147483647;
			files = (
				18DD5A9D230156A200FCB04F /* YSMainCell.swift in Sources */,
				18DD5AA723027F0E00FCB04F /* YSTabBarController.swift in Sources */,
				1805721D23043BCE000565AF /* YSToast.swift in Sources */,
				186A3A7422E1623D003EE67A /* ViewController.swift in Sources */,
				18DD5A992301556500FCB04F /* YSSwitchController.swift in Sources */,
				186A3A7222E1623D003EE67A /* AppDelegate.swift in Sources */,
				186B32D82303B09100856A08 /* CPPerson.cpp in Sources */,
				18DD5AA323027E2300FCB04F /* YSRouter.swift in Sources */,
				186B32D72303B09100856A08 /* CModel.c in Sources */,
				1807ADEA2306BC4900082C94 /* YSVideoRtmpController.swift in Sources */,
				18DD5AA023027D2A00FCB04F /* YSBaseController.swift in Sources */,
				1805725023064A84000565AF /* YSQRImageBuffer.mm in Sources */,
				1805727123068E92000565AF /* YSVideoRtmp.swift in Sources */,
				18DD5A96230152F600FCB04F /* YSSwitch.swift in Sources */,
				1805720F2303E05C000565AF /* YSButton.swift in Sources */,
				18DD5AAD230282A700FCB04F /* YSColorManager.swift in Sources */,
				1805727423069266000565AF /* YSSystemQR.swift in Sources */,
				1805722223043D3D000565AF /* YSToastController.swift in Sources */,
				18DD5AAF230282BD00FCB04F /* YSImageManager.swift in Sources */,
				1807ADF1230E441B00082C94 /* YSVideoPlayerTools.swift in Sources */,
				180572042303C10D000565AF /* TestCC.cpp in Sources */,
				1805720A2303C1AB000565AF /* YSFile.mm in Sources */,
				180572142303E15D000565AF /* YSButtonController.swift in Sources */,
				1807ADEF230E388D00082C94 /* YSVideoPlayerController.swift in Sources */,
				18DD5AAB230280B200FCB04F /* MineController.swift in Sources */,
				18DD5AA523027EF100FCB04F /* YSNavigationController.swift in Sources */,
				1805722523051B87000565AF /* YSQRController.swift in Sources */,
			);
			runOnlyForDeploymentPostprocessing = 0;
		};
		186A3A7E22E1623F003EE67A /* Sources */ = {
			isa = PBXSourcesBuildPhase;
			buildActionMask = 2147483647;
			files = (
				186A3A8722E1623F003EE67A /* PhoenixiOSTests.swift in Sources */,
			);
			runOnlyForDeploymentPostprocessing = 0;
		};
		186A3A8922E1623F003EE67A /* Sources */ = {
			isa = PBXSourcesBuildPhase;
			buildActionMask = 2147483647;
			files = (
				186A3A9222E1623F003EE67A /* PhoenixiOSUITests.swift in Sources */,
			);
			runOnlyForDeploymentPostprocessing = 0;
		};
/* End PBXSourcesBuildPhase section */

/* Begin PBXTargetDependency section */
		186A3A8422E1623F003EE67A /* PBXTargetDependency */ = {
			isa = PBXTargetDependency;
			target = 186A3A6D22E1623D003EE67A /* PhoenixiOS */;
			targetProxy = 186A3A8322E1623F003EE67A /* PBXContainerItemProxy */;
		};
		186A3A8F22E1623F003EE67A /* PBXTargetDependency */ = {
			isa = PBXTargetDependency;
			target = 186A3A6D22E1623D003EE67A /* PhoenixiOS */;
			targetProxy = 186A3A8E22E1623F003EE67A /* PBXContainerItemProxy */;
		};
/* End PBXTargetDependency section */

/* Begin PBXVariantGroup section */
		186A3A7522E1623D003EE67A /* Main.storyboard */ = {
			isa = PBXVariantGroup;
			children = (
				186A3A7622E1623D003EE67A /* Base */,
			);
			name = Main.storyboard;
			sourceTree = "<group>";
		};
		186A3A7A22E1623F003EE67A /* LaunchScreen.storyboard */ = {
			isa = PBXVariantGroup;
			children = (
				186A3A7B22E1623F003EE67A /* Base */,
			);
			name = LaunchScreen.storyboard;
			sourceTree = "<group>";
		};
/* End PBXVariantGroup section */

/* Begin XCBuildConfiguration section */
		186A3A9422E1623F003EE67A /* Debug */ = {
			isa = XCBuildConfiguration;
			buildSettings = {
				ALWAYS_SEARCH_USER_PATHS = NO;
				CLANG_ANALYZER_NONNULL = YES;
				CLANG_ANALYZER_NUMBER_OBJECT_CONVERSION = YES_AGGRESSIVE;
				CLANG_CXX_LANGUAGE_STANDARD = "gnu++14";
				CLANG_CXX_LIBRARY = "libc++";
				CLANG_ENABLE_MODULES = YES;
				CLANG_ENABLE_OBJC_ARC = YES;
				CLANG_ENABLE_OBJC_WEAK = YES;
				CLANG_WARN_BLOCK_CAPTURE_AUTORELEASING = YES;
				CLANG_WARN_BOOL_CONVERSION = YES;
				CLANG_WARN_COMMA = YES;
				CLANG_WARN_CONSTANT_CONVERSION = YES;
				CLANG_WARN_DEPRECATED_OBJC_IMPLEMENTATIONS = YES;
				CLANG_WARN_DIRECT_OBJC_ISA_USAGE = YES_ERROR;
				CLANG_WARN_DOCUMENTATION_COMMENTS = YES;
				CLANG_WARN_EMPTY_BODY = YES;
				CLANG_WARN_ENUM_CONVERSION = YES;
				CLANG_WARN_INFINITE_RECURSION = YES;
				CLANG_WARN_INT_CONVERSION = YES;
				CLANG_WARN_NON_LITERAL_NULL_CONVERSION = YES;
				CLANG_WARN_OBJC_IMPLICIT_RETAIN_SELF = YES;
				CLANG_WARN_OBJC_LITERAL_CONVERSION = YES;
				CLANG_WARN_OBJC_ROOT_CLASS = YES_ERROR;
				CLANG_WARN_RANGE_LOOP_ANALYSIS = YES;
				CLANG_WARN_STRICT_PROTOTYPES = YES;
				CLANG_WARN_SUSPICIOUS_MOVE = YES;
				CLANG_WARN_UNGUARDED_AVAILABILITY = YES_AGGRESSIVE;
				CLANG_WARN_UNREACHABLE_CODE = YES;
				CLANG_WARN__DUPLICATE_METHOD_MATCH = YES;
				CODE_SIGN_IDENTITY = "iPhone Developer";
				COPY_PHASE_STRIP = NO;
				DEBUG_INFORMATION_FORMAT = dwarf;
				ENABLE_STRICT_OBJC_MSGSEND = YES;
				ENABLE_TESTABILITY = YES;
				GCC_C_LANGUAGE_STANDARD = gnu11;
				GCC_DYNAMIC_NO_PIC = NO;
				GCC_NO_COMMON_BLOCKS = YES;
				GCC_OPTIMIZATION_LEVEL = 0;
				GCC_PREPROCESSOR_DEFINITIONS = (
					"DEBUG=1",
					"$(inherited)",
				);
				GCC_WARN_64_TO_32_BIT_CONVERSION = YES;
				GCC_WARN_ABOUT_RETURN_TYPE = YES_ERROR;
				GCC_WARN_UNDECLARED_SELECTOR = YES;
				GCC_WARN_UNINITIALIZED_AUTOS = YES_AGGRESSIVE;
				GCC_WARN_UNUSED_FUNCTION = YES;
				GCC_WARN_UNUSED_VARIABLE = YES;
				IPHONEOS_DEPLOYMENT_TARGET = 12.2;
				MTL_ENABLE_DEBUG_INFO = INCLUDE_SOURCE;
				MTL_FAST_MATH = YES;
				ONLY_ACTIVE_ARCH = YES;
				SDKROOT = iphoneos;
				SWIFT_ACTIVE_COMPILATION_CONDITIONS = DEBUG;
				SWIFT_OPTIMIZATION_LEVEL = "-Onone";
			};
			name = Debug;
		};
		186A3A9522E1623F003EE67A /* Release */ = {
			isa = XCBuildConfiguration;
			buildSettings = {
				ALWAYS_SEARCH_USER_PATHS = NO;
				CLANG_ANALYZER_NONNULL = YES;
				CLANG_ANALYZER_NUMBER_OBJECT_CONVERSION = YES_AGGRESSIVE;
				CLANG_CXX_LANGUAGE_STANDARD = "gnu++14";
				CLANG_CXX_LIBRARY = "libc++";
				CLANG_ENABLE_MODULES = YES;
				CLANG_ENABLE_OBJC_ARC = YES;
				CLANG_ENABLE_OBJC_WEAK = YES;
				CLANG_WARN_BLOCK_CAPTURE_AUTORELEASING = YES;
				CLANG_WARN_BOOL_CONVERSION = YES;
				CLANG_WARN_COMMA = YES;
				CLANG_WARN_CONSTANT_CONVERSION = YES;
				CLANG_WARN_DEPRECATED_OBJC_IMPLEMENTATIONS = YES;
				CLANG_WARN_DIRECT_OBJC_ISA_USAGE = YES_ERROR;
				CLANG_WARN_DOCUMENTATION_COMMENTS = YES;
				CLANG_WARN_EMPTY_BODY = YES;
				CLANG_WARN_ENUM_CONVERSION = YES;
				CLANG_WARN_INFINITE_RECURSION = YES;
				CLANG_WARN_INT_CONVERSION = YES;
				CLANG_WARN_NON_LITERAL_NULL_CONVERSION = YES;
				CLANG_WARN_OBJC_IMPLICIT_RETAIN_SELF = YES;
				CLANG_WARN_OBJC_LITERAL_CONVERSION = YES;
				CLANG_WARN_OBJC_ROOT_CLASS = YES_ERROR;
				CLANG_WARN_RANGE_LOOP_ANALYSIS = YES;
				CLANG_WARN_STRICT_PROTOTYPES = YES;
				CLANG_WARN_SUSPICIOUS_MOVE = YES;
				CLANG_WARN_UNGUARDED_AVAILABILITY = YES_AGGRESSIVE;
				CLANG_WARN_UNREACHABLE_CODE = YES;
				CLANG_WARN__DUPLICATE_METHOD_MATCH = YES;
				CODE_SIGN_IDENTITY = "iPhone Developer";
				COPY_PHASE_STRIP = NO;
				DEBUG_INFORMATION_FORMAT = "dwarf-with-dsym";
				ENABLE_NS_ASSERTIONS = NO;
				ENABLE_STRICT_OBJC_MSGSEND = YES;
				GCC_C_LANGUAGE_STANDARD = gnu11;
				GCC_NO_COMMON_BLOCKS = YES;
				GCC_WARN_64_TO_32_BIT_CONVERSION = YES;
				GCC_WARN_ABOUT_RETURN_TYPE = YES_ERROR;
				GCC_WARN_UNDECLARED_SELECTOR = YES;
				GCC_WARN_UNINITIALIZED_AUTOS = YES_AGGRESSIVE;
				GCC_WARN_UNUSED_FUNCTION = YES;
				GCC_WARN_UNUSED_VARIABLE = YES;
				IPHONEOS_DEPLOYMENT_TARGET = 12.2;
				MTL_ENABLE_DEBUG_INFO = NO;
				MTL_FAST_MATH = YES;
				SDKROOT = iphoneos;
				SWIFT_COMPILATION_MODE = wholemodule;
				SWIFT_OPTIMIZATION_LEVEL = "-O";
				VALIDATE_PRODUCT = YES;
			};
			name = Release;
		};
		186A3A9722E1623F003EE67A /* Debug */ = {
			isa = XCBuildConfiguration;
			baseConfigurationReference = 1A7B37056D8D56F7F736107E /* Pods-PhoenixiOS.debug.xcconfig */;
			buildSettings = {
				ASSETCATALOG_COMPILER_APPICON_NAME = AppIcon;
				CLANG_ENABLE_MODULES = YES;
				CODE_SIGN_STYLE = Automatic;
				DEVELOPMENT_TEAM = WZMDZ97XAH;
				INFOPLIST_FILE = PhoenixiOS/Info.plist;
				IPHONEOS_DEPLOYMENT_TARGET = 9.0;
				LD_RUNPATH_SEARCH_PATHS = (
					"$(inherited)",
					"@executable_path/Frameworks",
				);
				LIBRARY_SEARCH_PATHS = (
					"$(inherited)",
					"$(PROJECT_DIR)/PhoenixiOS/Widgets/YSQR/ZBarSDK",
				);
				PRODUCT_BUNDLE_IDENTIFIER = com.alexluan.test;
				PRODUCT_NAME = "$(TARGET_NAME)";
				SWIFT_OBJC_BRIDGING_HEADER = "PhoenixiOS/Widgets/Arithmetic/PhoenixiOS-Bridging-Header.h";
				SWIFT_OPTIMIZATION_LEVEL = "-Onone";
				SWIFT_VERSION = 5.0;
				TARGETED_DEVICE_FAMILY = "1,2";
			};
			name = Debug;
		};
		186A3A9822E1623F003EE67A /* Release */ = {
			isa = XCBuildConfiguration;
			baseConfigurationReference = 105C1903A7A9D935B3F799C3 /* Pods-PhoenixiOS.release.xcconfig */;
			buildSettings = {
				ASSETCATALOG_COMPILER_APPICON_NAME = AppIcon;
				CLANG_ENABLE_MODULES = YES;
				CODE_SIGN_STYLE = Automatic;
				DEVELOPMENT_TEAM = WZMDZ97XAH;
				INFOPLIST_FILE = PhoenixiOS/Info.plist;
				IPHONEOS_DEPLOYMENT_TARGET = 9.0;
				LD_RUNPATH_SEARCH_PATHS = (
					"$(inherited)",
					"@executable_path/Frameworks",
				);
				LIBRARY_SEARCH_PATHS = (
					"$(inherited)",
					"$(PROJECT_DIR)/PhoenixiOS/Widgets/YSQR/ZBarSDK",
				);
				PRODUCT_BUNDLE_IDENTIFIER = com.alexluan.test;
				PRODUCT_NAME = "$(TARGET_NAME)";
				SWIFT_OBJC_BRIDGING_HEADER = "PhoenixiOS/Widgets/Arithmetic/PhoenixiOS-Bridging-Header.h";
				SWIFT_VERSION = 5.0;
				TARGETED_DEVICE_FAMILY = "1,2";
			};
			name = Release;
		};
		186A3A9A22E1623F003EE67A /* Debug */ = {
			isa = XCBuildConfiguration;
			buildSettings = {
				ALWAYS_EMBED_SWIFT_STANDARD_LIBRARIES = YES;
				BUNDLE_LOADER = "$(TEST_HOST)";
				CODE_SIGN_STYLE = Automatic;
				INFOPLIST_FILE = PhoenixiOSTests/Info.plist;
				LD_RUNPATH_SEARCH_PATHS = (
					"$(inherited)",
					"@executable_path/Frameworks",
					"@loader_path/Frameworks",
				);
				PRODUCT_BUNDLE_IDENTIFIER = com.alex.test.PhoenixiOSTests;
				PRODUCT_NAME = "$(TARGET_NAME)";
				SWIFT_VERSION = 5.0;
				TARGETED_DEVICE_FAMILY = "1,2";
				TEST_HOST = "$(BUILT_PRODUCTS_DIR)/PhoenixiOS.app/PhoenixiOS";
			};
			name = Debug;
		};
		186A3A9B22E1623F003EE67A /* Release */ = {
			isa = XCBuildConfiguration;
			buildSettings = {
				ALWAYS_EMBED_SWIFT_STANDARD_LIBRARIES = YES;
				BUNDLE_LOADER = "$(TEST_HOST)";
				CODE_SIGN_STYLE = Automatic;
				INFOPLIST_FILE = PhoenixiOSTests/Info.plist;
				LD_RUNPATH_SEARCH_PATHS = (
					"$(inherited)",
					"@executable_path/Frameworks",
					"@loader_path/Frameworks",
				);
				PRODUCT_BUNDLE_IDENTIFIER = com.alex.test.PhoenixiOSTests;
				PRODUCT_NAME = "$(TARGET_NAME)";
				SWIFT_VERSION = 5.0;
				TARGETED_DEVICE_FAMILY = "1,2";
				TEST_HOST = "$(BUILT_PRODUCTS_DIR)/PhoenixiOS.app/PhoenixiOS";
			};
			name = Release;
		};
		186A3A9D22E1623F003EE67A /* Debug */ = {
			isa = XCBuildConfiguration;
			buildSettings = {
				ALWAYS_EMBED_SWIFT_STANDARD_LIBRARIES = YES;
				CODE_SIGN_STYLE = Automatic;
				INFOPLIST_FILE = PhoenixiOSUITests/Info.plist;
				LD_RUNPATH_SEARCH_PATHS = (
					"$(inherited)",
					"@executable_path/Frameworks",
					"@loader_path/Frameworks",
				);
				PRODUCT_BUNDLE_IDENTIFIER = com.alex.test.PhoenixiOSUITests;
				PRODUCT_NAME = "$(TARGET_NAME)";
				SWIFT_VERSION = 5.0;
				TARGETED_DEVICE_FAMILY = "1,2";
				TEST_TARGET_NAME = PhoenixiOS;
			};
			name = Debug;
		};
		186A3A9E22E1623F003EE67A /* Release */ = {
			isa = XCBuildConfiguration;
			buildSettings = {
				ALWAYS_EMBED_SWIFT_STANDARD_LIBRARIES = YES;
				CODE_SIGN_STYLE = Automatic;
				INFOPLIST_FILE = PhoenixiOSUITests/Info.plist;
				LD_RUNPATH_SEARCH_PATHS = (
					"$(inherited)",
					"@executable_path/Frameworks",
					"@loader_path/Frameworks",
				);
				PRODUCT_BUNDLE_IDENTIFIER = com.alex.test.PhoenixiOSUITests;
				PRODUCT_NAME = "$(TARGET_NAME)";
				SWIFT_VERSION = 5.0;
				TARGETED_DEVICE_FAMILY = "1,2";
				TEST_TARGET_NAME = PhoenixiOS;
			};
			name = Release;
		};
/* End XCBuildConfiguration section */

/* Begin XCConfigurationList section */
		186A3A6922E1623C003EE67A /* Build configuration list for PBXProject "PhoenixiOS" */ = {
			isa = XCConfigurationList;
			buildConfigurations = (
				186A3A9422E1623F003EE67A /* Debug */,
				186A3A9522E1623F003EE67A /* Release */,
			);
			defaultConfigurationIsVisible = 0;
			defaultConfigurationName = Release;
		};
		186A3A9622E1623F003EE67A /* Build configuration list for PBXNativeTarget "PhoenixiOS" */ = {
			isa = XCConfigurationList;
			buildConfigurations = (
				186A3A9722E1623F003EE67A /* Debug */,
				186A3A9822E1623F003EE67A /* Release */,
			);
			defaultConfigurationIsVisible = 0;
			defaultConfigurationName = Release;
		};
		186A3A9922E1623F003EE67A /* Build configuration list for PBXNativeTarget "PhoenixiOSTests" */ = {
			isa = XCConfigurationList;
			buildConfigurations = (
				186A3A9A22E1623F003EE67A /* Debug */,
				186A3A9B22E1623F003EE67A /* Release */,
			);
			defaultConfigurationIsVisible = 0;
			defaultConfigurationName = Release;
		};
		186A3A9C22E1623F003EE67A /* Build configuration list for PBXNativeTarget "PhoenixiOSUITests" */ = {
			isa = XCConfigurationList;
			buildConfigurations = (
				186A3A9D22E1623F003EE67A /* Debug */,
				186A3A9E22E1623F003EE67A /* Release */,
			);
			defaultConfigurationIsVisible = 0;
			defaultConfigurationName = Release;
		};
/* End XCConfigurationList section */
	};
	rootObject = 186A3A6622E1623C003EE67A /* Project object */;
}
